
Microsoft Visual Studio Solution File, Format Version 12.00
# Visual Studio 15
VisualStudioVersion = 15.0.28307.902
MinimumVisualStudioVersion = 10.0.40219.1
Project("{2150E333-8FDC-42A3-9474-1A3956D46DE8}") = "src", "src", "{FD3E20B4-AF69-40F8-ACE1-C0EB7DEBF891}"
EndProject
Project("{2150E333-8FDC-42A3-9474-1A3956D46DE8}") = "test", "test", "{EFC61839-DE77-4ECB-A867-73C888A6B5DC}"
EndProject
Project("{2150E333-8FDC-42A3-9474-1A3956D46DE8}") = "Core", "Core", "{1AFD38AC-1D57-40E8-B3A5-858536E0151E}"
EndProject
Project("{2150E333-8FDC-42A3-9474-1A3956D46DE8}") = "Perisitence", "Perisitence", "{3775B8C4-2937-42B6-908C-6601290FE508}"
EndProject
Project("{2150E333-8FDC-42A3-9474-1A3956D46DE8}") = "Infrastructure", "Infrastructure", "{576A014B-8C3D-4EBF-A6F6-DFB370A892C1}"
EndProject
Project("{2150E333-8FDC-42A3-9474-1A3956D46DE8}") = "Presentation", "Presentation", "{8465B096-9936-499D-8812-067E493E1EC7}"
EndProject
Project("{9A19103F-16F7-4668-BE54-9A1E7A4F7556}") = "CleanArchitecture.Demo.Domain", "src\CleanArchitecture.Demo.Domain\CleanArchitecture.Demo.Domain.csproj", "{9D8E6E83-29CB-421A-840A-72E41AE41C52}"
EndProject
Project("{9A19103F-16F7-4668-BE54-9A1E7A4F7556}") = "CleanArchitecture.Demo.Application", "src\CleanArchitecture.Demo.Application\CleanArchitecture.Demo.Application.csproj", "{C563A19E-D2A7-4F01-A600-0FC75AB98338}"
EndProject
Project("{9A19103F-16F7-4668-BE54-9A1E7A4F7556}") = "CleanArchitecture.Demo.ExternalServices", "src\CleanArchitecture.Demo.ExternalServices\CleanArchitecture.Demo.ExternalServices.csproj", "{D32E8E48-FE96-49B2-BBC3-4F79F19BCC20}"
EndProject
Project("{9A19103F-16F7-4668-BE54-9A1E7A4F7556}") = "CleanArchitecture.Demo.Persistence.InMemory", "src\CleanArchitecture.Demo.Persistence.InMemory\CleanArchitecture.Demo.Persistence.InMemory.csproj", "{27B25F0E-C569-466A-88C1-400EE59DC498}"
EndProject
Project("{9A19103F-16F7-4668-BE54-9A1E7A4F7556}") = "CleanArchitecture.Demo.ConsoleApplication", "src\CleanArchitecture.Demo.ConsoleApplication\CleanArchitecture.Demo.ConsoleApplication.csproj", "{37F262E9-3B53-4E38-928A-2050456EFFAA}"
EndProject
Project("{2150E333-8FDC-42A3-9474-1A3956D46DE8}") = "Common", "Common", "{0E2143D3-B3CB-4DBD-8AFD-94CD6A59572C}"
EndProject
Project("{9A19103F-16F7-4668-BE54-9A1E7A4F7556}") = "CleanArchitecture.Demo.Common", "src\CleanArchitecture.Demo.Common\CleanArchitecture.Demo.Common.csproj", "{6AD193DD-D900-4686-B954-62112FDAEE3D}"
EndProject
Project("{9A19103F-16F7-4668-BE54-9A1E7A4F7556}") = "CleanArchitecture.Demo.Contracts", "src\CleanArchitecture.Demo.Contracts\CleanArchitecture.Demo.Contracts.csproj", "{EC46A589-90C5-405C-BD0C-D8C3A3A5E883}"
EndProject
Project("{2150E333-8FDC-42A3-9474-1A3956D46DE8}") = "UnitTest", "UnitTest", "{1CB81780-9623-42B0-8886-958B5F6F623E}"
EndProject
Project("{2150E333-8FDC-42A3-9474-1A3956D46DE8}") = "IntegrationTest", "IntegrationTest", "{306EB110-8D8A-4C85-8DF0-25D7E5AD4BE2}"
EndProject
Project("{2150E333-8FDC-42A3-9474-1A3956D46DE8}") = "PerformanceTest", "PerformanceTest", "{1A7F9EC7-72F6-4ABB-A0E9-D16736EEC937}"
EndProject
Project("{9A19103F-16F7-4668-BE54-9A1E7A4F7556}") = "CleanArchitecture.Demo.WebApi", "src\CleanArchitecture.Demo.WebApi\CleanArchitecture.Demo.WebApi.csproj", "{71122C2B-1AD1-4A46-A6A8-D76757B54D61}"
EndProject
Project("{FAE04EC0-301F-11D3-BF4B-00C04F79EFBC}") = "CleanArchitecture.Demo.Test.Unit", "tests\CleanArchitecture.Demo.Test.Unit\CleanArchitecture.Demo.Test.Unit.csproj", "{F34E0298-11E2-4FEE-9564-322930DFE836}"
EndProject
Global
	GlobalSection(SolutionConfigurationPlatforms) = preSolution
		Debug|Any CPU = Debug|Any CPU
		Debug|ARM = Debug|ARM
		Debug|ARM64 = Debug|ARM64
		Debug|x64 = Debug|x64
		Debug|x86 = Debug|x86
		Release|Any CPU = Release|Any CPU
		Release|ARM = Release|ARM
		Release|ARM64 = Release|ARM64
		Release|x64 = Release|x64
		Release|x86 = Release|x86
	EndGlobalSection
	GlobalSection(ProjectConfigurationPlatforms) = postSolution
		{9D8E6E83-29CB-421A-840A-72E41AE41C52}.Debug|Any CPU.ActiveCfg = Debug|Any CPU
		{9D8E6E83-29CB-421A-840A-72E41AE41C52}.Debug|Any CPU.Build.0 = Debug|Any CPU
		{9D8E6E83-29CB-421A-840A-72E41AE41C52}.Debug|ARM.ActiveCfg = Debug|Any CPU
		{9D8E6E83-29CB-421A-840A-72E41AE41C52}.Debug|ARM.Build.0 = Debug|Any CPU
		{9D8E6E83-29CB-421A-840A-72E41AE41C52}.Debug|ARM64.ActiveCfg = Debug|Any CPU
		{9D8E6E83-29CB-421A-840A-72E41AE41C52}.Debug|ARM64.Build.0 = Debug|Any CPU
		{9D8E6E83-29CB-421A-840A-72E41AE41C52}.Debug|x64.ActiveCfg = Debug|Any CPU
		{9D8E6E83-29CB-421A-840A-72E41AE41C52}.Debug|x64.Build.0 = Debug|Any CPU
		{9D8E6E83-29CB-421A-840A-72E41AE41C52}.Debug|x86.ActiveCfg = Debug|Any CPU
		{9D8E6E83-29CB-421A-840A-72E41AE41C52}.Debug|x86.Build.0 = Debug|Any CPU
		{9D8E6E83-29CB-421A-840A-72E41AE41C52}.Release|Any CPU.ActiveCfg = Release|Any CPU
		{9D8E6E83-29CB-421A-840A-72E41AE41C52}.Release|Any CPU.Build.0 = Release|Any CPU
		{9D8E6E83-29CB-421A-840A-72E41AE41C52}.Release|ARM.ActiveCfg = Release|Any CPU
		{9D8E6E83-29CB-421A-840A-72E41AE41C52}.Release|ARM.Build.0 = Release|Any CPU
		{9D8E6E83-29CB-421A-840A-72E41AE41C52}.Release|ARM64.ActiveCfg = Release|Any CPU
		{9D8E6E83-29CB-421A-840A-72E41AE41C52}.Release|ARM64.Build.0 = Release|Any CPU
		{9D8E6E83-29CB-421A-840A-72E41AE41C52}.Release|x64.ActiveCfg = Release|Any CPU
		{9D8E6E83-29CB-421A-840A-72E41AE41C52}.Release|x64.Build.0 = Release|Any CPU
		{9D8E6E83-29CB-421A-840A-72E41AE41C52}.Release|x86.ActiveCfg = Release|Any CPU
		{9D8E6E83-29CB-421A-840A-72E41AE41C52}.Release|x86.Build.0 = Release|Any CPU
		{C563A19E-D2A7-4F01-A600-0FC75AB98338}.Debug|Any CPU.ActiveCfg = Debug|Any CPU
		{C563A19E-D2A7-4F01-A600-0FC75AB98338}.Debug|Any CPU.Build.0 = Debug|Any CPU
		{C563A19E-D2A7-4F01-A600-0FC75AB98338}.Debug|ARM.ActiveCfg = Debug|Any CPU
		{C563A19E-D2A7-4F01-A600-0FC75AB98338}.Debug|ARM.Build.0 = Debug|Any CPU
		{C563A19E-D2A7-4F01-A600-0FC75AB98338}.Debug|ARM64.ActiveCfg = Debug|Any CPU
		{C563A19E-D2A7-4F01-A600-0FC75AB98338}.Debug|ARM64.Build.0 = Debug|Any CPU
		{C563A19E-D2A7-4F01-A600-0FC75AB98338}.Debug|x64.ActiveCfg = Debug|Any CPU
		{C563A19E-D2A7-4F01-A600-0FC75AB98338}.Debug|x64.Build.0 = Debug|Any CPU
		{C563A19E-D2A7-4F01-A600-0FC75AB98338}.Debug|x86.ActiveCfg = Debug|Any CPU
		{C563A19E-D2A7-4F01-A600-0FC75AB98338}.Debug|x86.Build.0 = Debug|Any CPU
		{C563A19E-D2A7-4F01-A600-0FC75AB98338}.Release|Any CPU.ActiveCfg = Release|Any CPU
		{C563A19E-D2A7-4F01-A600-0FC75AB98338}.Release|Any CPU.Build.0 = Release|Any CPU
		{C563A19E-D2A7-4F01-A600-0FC75AB98338}.Release|ARM.ActiveCfg = Release|Any CPU
		{C563A19E-D2A7-4F01-A600-0FC75AB98338}.Release|ARM.Build.0 = Release|Any CPU
		{C563A19E-D2A7-4F01-A600-0FC75AB98338}.Release|ARM64.ActiveCfg = Release|Any CPU
		{C563A19E-D2A7-4F01-A600-0FC75AB98338}.Release|ARM64.Build.0 = Release|Any CPU
		{C563A19E-D2A7-4F01-A600-0FC75AB98338}.Release|x64.ActiveCfg = Release|Any CPU
		{C563A19E-D2A7-4F01-A600-0FC75AB98338}.Release|x64.Build.0 = Release|Any CPU
		{C563A19E-D2A7-4F01-A600-0FC75AB98338}.Release|x86.ActiveCfg = Release|Any CPU
		{C563A19E-D2A7-4F01-A600-0FC75AB98338}.Release|x86.Build.0 = Release|Any CPU
		{D32E8E48-FE96-49B2-BBC3-4F79F19BCC20}.Debug|Any CPU.ActiveCfg = Debug|Any CPU
		{D32E8E48-FE96-49B2-BBC3-4F79F19BCC20}.Debug|Any CPU.Build.0 = Debug|Any CPU
		{D32E8E48-FE96-49B2-BBC3-4F79F19BCC20}.Debug|ARM.ActiveCfg = Debug|Any CPU
		{D32E8E48-FE96-49B2-BBC3-4F79F19BCC20}.Debug|ARM.Build.0 = Debug|Any CPU
		{D32E8E48-FE96-49B2-BBC3-4F79F19BCC20}.Debug|ARM64.ActiveCfg = Debug|Any CPU
		{D32E8E48-FE96-49B2-BBC3-4F79F19BCC20}.Debug|ARM64.Build.0 = Debug|Any CPU
		{D32E8E48-FE96-49B2-BBC3-4F79F19BCC20}.Debug|x64.ActiveCfg = Debug|Any CPU
		{D32E8E48-FE96-49B2-BBC3-4F79F19BCC20}.Debug|x64.Build.0 = Debug|Any CPU
		{D32E8E48-FE96-49B2-BBC3-4F79F19BCC20}.Debug|x86.ActiveCfg = Debug|Any CPU
		{D32E8E48-FE96-49B2-BBC3-4F79F19BCC20}.Debug|x86.Build.0 = Debug|Any CPU
		{D32E8E48-FE96-49B2-BBC3-4F79F19BCC20}.Release|Any CPU.ActiveCfg = Release|Any CPU
		{D32E8E48-FE96-49B2-BBC3-4F79F19BCC20}.Release|Any CPU.Build.0 = Release|Any CPU
		{D32E8E48-FE96-49B2-BBC3-4F79F19BCC20}.Release|ARM.ActiveCfg = Release|Any CPU
		{D32E8E48-FE96-49B2-BBC3-4F79F19BCC20}.Release|ARM.Build.0 = Release|Any CPU
		{D32E8E48-FE96-49B2-BBC3-4F79F19BCC20}.Release|ARM64.ActiveCfg = Release|Any CPU
		{D32E8E48-FE96-49B2-BBC3-4F79F19BCC20}.Release|ARM64.Build.0 = Release|Any CPU
		{D32E8E48-FE96-49B2-BBC3-4F79F19BCC20}.Release|x64.ActiveCfg = Release|Any CPU
		{D32E8E48-FE96-49B2-BBC3-4F79F19BCC20}.Release|x64.Build.0 = Release|Any CPU
		{D32E8E48-FE96-49B2-BBC3-4F79F19BCC20}.Release|x86.ActiveCfg = Release|Any CPU
		{D32E8E48-FE96-49B2-BBC3-4F79F19BCC20}.Release|x86.Build.0 = Release|Any CPU
		{27B25F0E-C569-466A-88C1-400EE59DC498}.Debug|Any CPU.ActiveCfg = Debug|Any CPU
		{27B25F0E-C569-466A-88C1-400EE59DC498}.Debug|Any CPU.Build.0 = Debug|Any CPU
		{27B25F0E-C569-466A-88C1-400EE59DC498}.Debug|ARM.ActiveCfg = Debug|Any CPU
		{27B25F0E-C569-466A-88C1-400EE59DC498}.Debug|ARM.Build.0 = Debug|Any CPU
		{27B25F0E-C569-466A-88C1-400EE59DC498}.Debug|ARM64.ActiveCfg = Debug|Any CPU
		{27B25F0E-C569-466A-88C1-400EE59DC498}.Debug|ARM64.Build.0 = Debug|Any CPU
		{27B25F0E-C569-466A-88C1-400EE59DC498}.Debug|x64.ActiveCfg = Debug|Any CPU
		{27B25F0E-C569-466A-88C1-400EE59DC498}.Debug|x64.Build.0 = Debug|Any CPU
		{27B25F0E-C569-466A-88C1-400EE59DC498}.Debug|x86.ActiveCfg = Debug|Any CPU
		{27B25F0E-C569-466A-88C1-400EE59DC498}.Debug|x86.Build.0 = Debug|Any CPU
		{27B25F0E-C569-466A-88C1-400EE59DC498}.Release|Any CPU.ActiveCfg = Release|Any CPU
		{27B25F0E-C569-466A-88C1-400EE59DC498}.Release|Any CPU.Build.0 = Release|Any CPU
		{27B25F0E-C569-466A-88C1-400EE59DC498}.Release|ARM.ActiveCfg = Release|Any CPU
		{27B25F0E-C569-466A-88C1-400EE59DC498}.Release|ARM.Build.0 = Release|Any CPU
		{27B25F0E-C569-466A-88C1-400EE59DC498}.Release|ARM64.ActiveCfg = Release|Any CPU
		{27B25F0E-C569-466A-88C1-400EE59DC498}.Release|ARM64.Build.0 = Release|Any CPU
		{27B25F0E-C569-466A-88C1-400EE59DC498}.Release|x64.ActiveCfg = Release|Any CPU
		{27B25F0E-C569-466A-88C1-400EE59DC498}.Release|x64.Build.0 = Release|Any CPU
		{27B25F0E-C569-466A-88C1-400EE59DC498}.Release|x86.ActiveCfg = Release|Any CPU
		{27B25F0E-C569-466A-88C1-400EE59DC498}.Release|x86.Build.0 = Release|Any CPU
		{37F262E9-3B53-4E38-928A-2050456EFFAA}.Debug|Any CPU.ActiveCfg = Debug|Any CPU
		{37F262E9-3B53-4E38-928A-2050456EFFAA}.Debug|Any CPU.Build.0 = Debug|Any CPU
		{37F262E9-3B53-4E38-928A-2050456EFFAA}.Debug|ARM.ActiveCfg = Debug|Any CPU
		{37F262E9-3B53-4E38-928A-2050456EFFAA}.Debug|ARM.Build.0 = Debug|Any CPU
		{37F262E9-3B53-4E38-928A-2050456EFFAA}.Debug|ARM64.ActiveCfg = Debug|Any CPU
		{37F262E9-3B53-4E38-928A-2050456EFFAA}.Debug|ARM64.Build.0 = Debug|Any CPU
		{37F262E9-3B53-4E38-928A-2050456EFFAA}.Debug|x64.ActiveCfg = Debug|Any CPU
		{37F262E9-3B53-4E38-928A-2050456EFFAA}.Debug|x64.Build.0 = Debug|Any CPU
		{37F262E9-3B53-4E38-928A-2050456EFFAA}.Debug|x86.ActiveCfg = Debug|Any CPU
		{37F262E9-3B53-4E38-928A-2050456EFFAA}.Debug|x86.Build.0 = Debug|Any CPU
		{37F262E9-3B53-4E38-928A-2050456EFFAA}.Release|Any CPU.ActiveCfg = Release|Any CPU
		{37F262E9-3B53-4E38-928A-2050456EFFAA}.Release|Any CPU.Build.0 = Release|Any CPU
		{37F262E9-3B53-4E38-928A-2050456EFFAA}.Release|ARM.ActiveCfg = Release|Any CPU
		{37F262E9-3B53-4E38-928A-2050456EFFAA}.Release|ARM.Build.0 = Release|Any CPU
		{37F262E9-3B53-4E38-928A-2050456EFFAA}.Release|ARM64.ActiveCfg = Release|Any CPU
		{37F262E9-3B53-4E38-928A-2050456EFFAA}.Release|ARM64.Build.0 = Release|Any CPU
		{37F262E9-3B53-4E38-928A-2050456EFFAA}.Release|x64.ActiveCfg = Release|Any CPU
		{37F262E9-3B53-4E38-928A-2050456EFFAA}.Release|x64.Build.0 = Release|Any CPU
		{37F262E9-3B53-4E38-928A-2050456EFFAA}.Release|x86.ActiveCfg = Release|Any CPU
		{37F262E9-3B53-4E38-928A-2050456EFFAA}.Release|x86.Build.0 = Release|Any CPU
		{6AD193DD-D900-4686-B954-62112FDAEE3D}.Debug|Any CPU.ActiveCfg = Debug|Any CPU
		{6AD193DD-D900-4686-B954-62112FDAEE3D}.Debug|Any CPU.Build.0 = Debug|Any CPU
		{6AD193DD-D900-4686-B954-62112FDAEE3D}.Debug|ARM.ActiveCfg = Debug|Any CPU
		{6AD193DD-D900-4686-B954-62112FDAEE3D}.Debug|ARM.Build.0 = Debug|Any CPU
		{6AD193DD-D900-4686-B954-62112FDAEE3D}.Debug|ARM64.ActiveCfg = Debug|Any CPU
		{6AD193DD-D900-4686-B954-62112FDAEE3D}.Debug|ARM64.Build.0 = Debug|Any CPU
		{6AD193DD-D900-4686-B954-62112FDAEE3D}.Debug|x64.ActiveCfg = Debug|Any CPU
		{6AD193DD-D900-4686-B954-62112FDAEE3D}.Debug|x64.Build.0 = Debug|Any CPU
		{6AD193DD-D900-4686-B954-62112FDAEE3D}.Debug|x86.ActiveCfg = Debug|Any CPU
		{6AD193DD-D900-4686-B954-62112FDAEE3D}.Debug|x86.Build.0 = Debug|Any CPU
		{6AD193DD-D900-4686-B954-62112FDAEE3D}.Release|Any CPU.ActiveCfg = Release|Any CPU
		{6AD193DD-D900-4686-B954-62112FDAEE3D}.Release|Any CPU.Build.0 = Release|Any CPU
		{6AD193DD-D900-4686-B954-62112FDAEE3D}.Release|ARM.ActiveCfg = Release|Any CPU
		{6AD193DD-D900-4686-B954-62112FDAEE3D}.Release|ARM.Build.0 = Release|Any CPU
		{6AD193DD-D900-4686-B954-62112FDAEE3D}.Release|ARM64.ActiveCfg = Release|Any CPU
		{6AD193DD-D900-4686-B954-62112FDAEE3D}.Release|ARM64.Build.0 = Release|Any CPU
		{6AD193DD-D900-4686-B954-62112FDAEE3D}.Release|x64.ActiveCfg = Release|Any CPU
		{6AD193DD-D900-4686-B954-62112FDAEE3D}.Release|x64.Build.0 = Release|Any CPU
		{6AD193DD-D900-4686-B954-62112FDAEE3D}.Release|x86.ActiveCfg = Release|Any CPU
		{6AD193DD-D900-4686-B954-62112FDAEE3D}.Release|x86.Build.0 = Release|Any CPU
		{EC46A589-90C5-405C-BD0C-D8C3A3A5E883}.Debug|Any CPU.ActiveCfg = Debug|Any CPU
		{EC46A589-90C5-405C-BD0C-D8C3A3A5E883}.Debug|Any CPU.Build.0 = Debug|Any CPU
		{EC46A589-90C5-405C-BD0C-D8C3A3A5E883}.Debug|ARM.ActiveCfg = Debug|Any CPU
		{EC46A589-90C5-405C-BD0C-D8C3A3A5E883}.Debug|ARM.Build.0 = Debug|Any CPU
		{EC46A589-90C5-405C-BD0C-D8C3A3A5E883}.Debug|ARM64.ActiveCfg = Debug|Any CPU
		{EC46A589-90C5-405C-BD0C-D8C3A3A5E883}.Debug|ARM64.Build.0 = Debug|Any CPU
		{EC46A589-90C5-405C-BD0C-D8C3A3A5E883}.Debug|x64.ActiveCfg = Debug|Any CPU
		{EC46A589-90C5-405C-BD0C-D8C3A3A5E883}.Debug|x64.Build.0 = Debug|Any CPU
		{EC46A589-90C5-405C-BD0C-D8C3A3A5E883}.Debug|x86.ActiveCfg = Debug|Any CPU
		{EC46A589-90C5-405C-BD0C-D8C3A3A5E883}.Debug|x86.Build.0 = Debug|Any CPU
		{EC46A589-90C5-405C-BD0C-D8C3A3A5E883}.Release|Any CPU.ActiveCfg = Release|Any CPU
		{EC46A589-90C5-405C-BD0C-D8C3A3A5E883}.Release|Any CPU.Build.0 = Release|Any CPU
		{EC46A589-90C5-405C-BD0C-D8C3A3A5E883}.Release|ARM.ActiveCfg = Release|Any CPU
		{EC46A589-90C5-405C-BD0C-D8C3A3A5E883}.Release|ARM.Build.0 = Release|Any CPU
		{EC46A589-90C5-405C-BD0C-D8C3A3A5E883}.Release|ARM64.ActiveCfg = Release|Any CPU
		{EC46A589-90C5-405C-BD0C-D8C3A3A5E883}.Release|ARM64.Build.0 = Release|Any CPU
		{EC46A589-90C5-405C-BD0C-D8C3A3A5E883}.Release|x64.ActiveCfg = Release|Any CPU
		{EC46A589-90C5-405C-BD0C-D8C3A3A5E883}.Release|x64.Build.0 = Release|Any CPU
		{EC46A589-90C5-405C-BD0C-D8C3A3A5E883}.Release|x86.ActiveCfg = Release|Any CPU
		{EC46A589-90C5-405C-BD0C-D8C3A3A5E883}.Release|x86.Build.0 = Release|Any CPU
		{71122C2B-1AD1-4A46-A6A8-D76757B54D61}.Debug|Any CPU.ActiveCfg = Debug|Any CPU
		{71122C2B-1AD1-4A46-A6A8-D76757B54D61}.Debug|Any CPU.Build.0 = Debug|Any CPU
		{71122C2B-1AD1-4A46-A6A8-D76757B54D61}.Debug|ARM.ActiveCfg = Debug|Any CPU
		{71122C2B-1AD1-4A46-A6A8-D76757B54D61}.Debug|ARM.Build.0 = Debug|Any CPU
		{71122C2B-1AD1-4A46-A6A8-D76757B54D61}.Debug|ARM64.ActiveCfg = Debug|Any CPU
		{71122C2B-1AD1-4A46-A6A8-D76757B54D61}.Debug|ARM64.Build.0 = Debug|Any CPU
		{71122C2B-1AD1-4A46-A6A8-D76757B54D61}.Debug|x64.ActiveCfg = Debug|Any CPU
		{71122C2B-1AD1-4A46-A6A8-D76757B54D61}.Debug|x64.Build.0 = Debug|Any CPU
		{71122C2B-1AD1-4A46-A6A8-D76757B54D61}.Debug|x86.ActiveCfg = Debug|Any CPU
		{71122C2B-1AD1-4A46-A6A8-D76757B54D61}.Debug|x86.Build.0 = Debug|Any CPU
		{71122C2B-1AD1-4A46-A6A8-D76757B54D61}.Release|Any CPU.ActiveCfg = Release|Any CPU
		{71122C2B-1AD1-4A46-A6A8-D76757B54D61}.Release|Any CPU.Build.0 = Release|Any CPU
		{71122C2B-1AD1-4A46-A6A8-D76757B54D61}.Release|ARM.ActiveCfg = Release|Any CPU
		{71122C2B-1AD1-4A46-A6A8-D76757B54D61}.Release|ARM.Build.0 = Release|Any CPU
		{71122C2B-1AD1-4A46-A6A8-D76757B54D61}.Release|ARM64.ActiveCfg = Release|Any CPU
		{71122C2B-1AD1-4A46-A6A8-D76757B54D61}.Release|ARM64.Build.0 = Release|Any CPU
		{71122C2B-1AD1-4A46-A6A8-D76757B54D61}.Release|x64.ActiveCfg = Release|Any CPU
		{71122C2B-1AD1-4A46-A6A8-D76757B54D61}.Release|x64.Build.0 = Release|Any CPU
		{71122C2B-1AD1-4A46-A6A8-D76757B54D61}.Release|x86.ActiveCfg = Release|Any CPU
		{71122C2B-1AD1-4A46-A6A8-D76757B54D61}.Release|x86.Build.0 = Release|Any CPU
		{F34E0298-11E2-4FEE-9564-322930DFE836}.Debug|Any CPU.ActiveCfg = Debug|Any CPU
		{F34E0298-11E2-4FEE-9564-322930DFE836}.Debug|Any CPU.Build.0 = Debug|Any CPU
		{F34E0298-11E2-4FEE-9564-322930DFE836}.Debug|ARM.ActiveCfg = Debug|Any CPU
		{F34E0298-11E2-4FEE-9564-322930DFE836}.Debug|ARM.Build.0 = Debug|Any CPU
		{F34E0298-11E2-4FEE-9564-322930DFE836}.Debug|ARM64.ActiveCfg = Debug|Any CPU
		{F34E0298-11E2-4FEE-9564-322930DFE836}.Debug|ARM64.Build.0 = Debug|Any CPU
		{F34E0298-11E2-4FEE-9564-322930DFE836}.Debug|x64.ActiveCfg = Debug|Any CPU
		{F34E0298-11E2-4FEE-9564-322930DFE836}.Debug|x64.Build.0 = Debug|Any CPU
		{F34E0298-11E2-4FEE-9564-322930DFE836}.Debug|x86.ActiveCfg = Debug|Any CPU
		{F34E0298-11E2-4FEE-9564-322930DFE836}.Debug|x86.Build.0 = Debug|Any CPU
		{F34E0298-11E2-4FEE-9564-322930DFE836}.Release|Any CPU.ActiveCfg = Release|Any CPU
		{F34E0298-11E2-4FEE-9564-322930DFE836}.Release|Any CPU.Build.0 = Release|Any CPU
		{F34E0298-11E2-4FEE-9564-322930DFE836}.Release|ARM.ActiveCfg = Release|Any CPU
		{F34E0298-11E2-4FEE-9564-322930DFE836}.Release|ARM.Build.0 = Release|Any CPU
		{F34E0298-11E2-4FEE-9564-322930DFE836}.Release|ARM64.ActiveCfg = Release|Any CPU
		{F34E0298-11E2-4FEE-9564-322930DFE836}.Release|ARM64.Build.0 = Release|Any CPU
		{F34E0298-11E2-4FEE-9564-322930DFE836}.Release|x64.ActiveCfg = Release|Any CPU
		{F34E0298-11E2-4FEE-9564-322930DFE836}.Release|x64.Build.0 = Release|Any CPU
		{F34E0298-11E2-4FEE-9564-322930DFE836}.Release|x86.ActiveCfg = Release|Any CPU
		{F34E0298-11E2-4FEE-9564-322930DFE836}.Release|x86.Build.0 = Release|Any CPU
	EndGlobalSection
	GlobalSection(SolutionProperties) = preSolution
		HideSolutionNode = FALSE
	EndGlobalSection
	GlobalSection(NestedProjects) = preSolution
		{1AFD38AC-1D57-40E8-B3A5-858536E0151E} = {FD3E20B4-AF69-40F8-ACE1-C0EB7DEBF891}
		{3775B8C4-2937-42B6-908C-6601290FE508} = {FD3E20B4-AF69-40F8-ACE1-C0EB7DEBF891}
		{576A014B-8C3D-4EBF-A6F6-DFB370A892C1} = {FD3E20B4-AF69-40F8-ACE1-C0EB7DEBF891}
		{8465B096-9936-499D-8812-067E493E1EC7} = {FD3E20B4-AF69-40F8-ACE1-C0EB7DEBF891}
		{9D8E6E83-29CB-421A-840A-72E41AE41C52} = {1AFD38AC-1D57-40E8-B3A5-858536E0151E}
		{C563A19E-D2A7-4F01-A600-0FC75AB98338} = {1AFD38AC-1D57-40E8-B3A5-858536E0151E}
		{D32E8E48-FE96-49B2-BBC3-4F79F19BCC20} = {576A014B-8C3D-4EBF-A6F6-DFB370A892C1}
		{27B25F0E-C569-466A-88C1-400EE59DC498} = {3775B8C4-2937-42B6-908C-6601290FE508}
		{37F262E9-3B53-4E38-928A-2050456EFFAA} = {8465B096-9936-499D-8812-067E493E1EC7}
		{0E2143D3-B3CB-4DBD-8AFD-94CD6A59572C} = {FD3E20B4-AF69-40F8-ACE1-C0EB7DEBF891}
		{6AD193DD-D900-4686-B954-62112FDAEE3D} = {0E2143D3-B3CB-4DBD-8AFD-94CD6A59572C}
		{EC46A589-90C5-405C-BD0C-D8C3A3A5E883} = {8465B096-9936-499D-8812-067E493E1EC7}
		{1CB81780-9623-42B0-8886-958B5F6F623E} = {EFC61839-DE77-4ECB-A867-73C888A6B5DC}
		{306EB110-8D8A-4C85-8DF0-25D7E5AD4BE2} = {EFC61839-DE77-4ECB-A867-73C888A6B5DC}
		{1A7F9EC7-72F6-4ABB-A0E9-D16736EEC937} = {EFC61839-DE77-4ECB-A867-73C888A6B5DC}
		{71122C2B-1AD1-4A46-A6A8-D76757B54D61} = {8465B096-9936-499D-8812-067E493E1EC7}
		{F34E0298-11E2-4FEE-9564-322930DFE836} = {1CB81780-9623-42B0-8886-958B5F6F623E}
	EndGlobalSection
	GlobalSection(ExtensibilityGlobals) = postSolution
		SolutionGuid = {C3EE34ED-8406-44F0-93C0-069584A012DD}
	EndGlobalSection
EndGlobal
